<?xml version="1.0" encoding="utf-8"?>
<Project ToolsVersion="4.0" xmlns="http://schemas.microsoft.com/developer/msbuild/2003">
  <ItemGroup>
    <ClCompile Include="Render\Camera.cpp">
      <Filter>Render</Filter>
    </ClCompile>
    <ClCompile Include="Render\Render.cpp">
      <Filter>Render</Filter>
    </ClCompile>
    <ClCompile Include="main.cpp" />
    <ClCompile Include="callbacks.cpp" />
    <ClCompile Include="ShooterManager.cpp">
      <Filter>Systems</Filter>
    </ClCompile>
    <ClCompile Include="PlayScene.cpp">
      <Filter>Scene</Filter>
    </ClCompile>
    <ClCompile Include="Particle.cpp">
      <Filter>Entitites</Filter>
    </ClCompile>
    <ClCompile Include="RenderUtils.cpp" />
    <ClCompile Include="Entity.cpp">
      <Filter>Structure</Filter>
    </ClCompile>
    <ClCompile Include="Scene.cpp">
      <Filter>Structure</Filter>
    </ClCompile>
    <ClCompile Include="ParticleSystem.cpp">
      <Filter>Systems</Filter>
    </ClCompile>
    <ClCompile Include="System.cpp">
      <Filter>Structure</Filter>
    </ClCompile>
    <ClCompile Include="Firework.cpp">
      <Filter>Entitites</Filter>
    </ClCompile>
    <ClCompile Include="game_def.cpp">
      <Filter>Structure</Filter>
    </ClCompile>
    <ClCompile Include="SimpleParticleGenerator.cpp">
      <Filter>Generators</Filter>
    </ClCompile>
    <ClCompile Include="GaussianParticleGenerator.cpp">
      <Filter>Generators</Filter>
    </ClCompile>
    <ClCompile Include="ForceGenerator.cpp">
      <Filter>Generators</Filter>
    </ClCompile>
    <ClCompile Include="GravityForceGenerator.cpp">
      <Filter>Generators</Filter>
    </ClCompile>
    <ClCompile Include="ParticleDragGenerator.cpp">
      <Filter>Generators</Filter>
    </ClCompile>
    <ClCompile Include="ParticleForceRegistry.cpp">
      <Filter>Structure</Filter>
    </ClCompile>
  </ItemGroup>
  <ItemGroup>
    <ClInclude Include="Render\Camera.h">
      <Filter>Render</Filter>
    </ClInclude>
    <ClInclude Include="Render\Render.h">
      <Filter>Render</Filter>
    </ClInclude>
    <ClInclude Include="callbacks.hpp" />
    <ClInclude Include="resource.h" />
    <ClInclude Include="ShooterManager.h">
      <Filter>Systems</Filter>
    </ClInclude>
    <ClInclude Include="PlayScene.h">
      <Filter>Scene</Filter>
    </ClInclude>
    <ClInclude Include="Particle.h">
      <Filter>Entitites</Filter>
    </ClInclude>
    <ClInclude Include="game_def.h">
      <Filter>Structure</Filter>
    </ClInclude>
    <ClInclude Include="core.hpp">
      <Filter>Structure</Filter>
    </ClInclude>
    <ClInclude Include="RenderUtils.hpp" />
    <ClInclude Include="Entity.h">
      <Filter>Structure</Filter>
    </ClInclude>
    <ClInclude Include="Scene.h">
      <Filter>Structure</Filter>
    </ClInclude>
    <ClInclude Include="ParticleSystem.h">
      <Filter>Systems</Filter>
    </ClInclude>
    <ClInclude Include="System.h">
      <Filter>Structure</Filter>
    </ClInclude>
    <ClInclude Include="Firework.h">
      <Filter>Entitites</Filter>
    </ClInclude>
    <ClInclude Include="ParticleGenerator.h">
      <Filter>Generators</Filter>
    </ClInclude>
    <ClInclude Include="SimpleParticleGenerator.h">
      <Filter>Generators</Filter>
    </ClInclude>
    <ClInclude Include="GaussianParticleGenerator.h">
      <Filter>Generators</Filter>
    </ClInclude>
    <ClInclude Include="ForceGenerator.h">
      <Filter>Generators</Filter>
    </ClInclude>
    <ClInclude Include="GravityForceGenerator.h">
      <Filter>Generators</Filter>
    </ClInclude>
    <ClInclude Include="ParticleDragGenerator.h">
      <Filter>Generators</Filter>
    </ClInclude>
    <ClInclude Include="ParticleForceRegistry.h">
      <Filter>Structure</Filter>
    </ClInclude>
  </ItemGroup>
  <ItemGroup>
    <Filter Include="Render">
      <UniqueIdentifier>{d04b4f9f-5a69-465e-8070-25c6d0bcd3c2}</UniqueIdentifier>
    </Filter>
    <Filter Include="Scene">
      <UniqueIdentifier>{5810a085-ccfb-41cf-a100-c3af6c1ef96b}</UniqueIdentifier>
    </Filter>
    <Filter Include="Entitites">
      <UniqueIdentifier>{0a802b88-937d-4e43-9379-0174c3cb311a}</UniqueIdentifier>
    </Filter>
    <Filter Include="Structure">
      <UniqueIdentifier>{0b0c8f0b-9099-43d3-942a-b0d9a00d2f65}</UniqueIdentifier>
    </Filter>
    <Filter Include="Systems">
      <UniqueIdentifier>{9077abd3-da82-41fd-af2c-771c49a93e37}</UniqueIdentifier>
    </Filter>
    <Filter Include="Generators">
      <UniqueIdentifier>{bcefdaf5-3d69-42a1-a32b-85c8cbe31ce2}</UniqueIdentifier>
    </Filter>
  </ItemGroup>
  <ItemGroup>
    <ResourceCompile Include="game.rc" />
  </ItemGroup>
</Project>